
Microsoft Visual Studio Solution File, Format Version 12.00
# Visual Studio Version 17
VisualStudioVersion = 17.8.34322.80
MinimumVisualStudioVersion = 10.0.40219.1
Project("{FAE04EC0-301F-11D3-BF4B-00C04F79EFBC}") = "BurgerKingHomeWork", "BurgerKingHomeWork\BurgerKingHomeWork.csproj", "{28198296-5419-4FA4-A2E5-32E8D0BD16C5}"
EndProject
Global
	GlobalSection(SolutionConfigurationPlatforms) = preSolution
		Debug|Any CPU = Debug|Any CPU
		Release|Any CPU = Release|Any CPU
	EndGlobalSection
	GlobalSection(ProjectConfigurationPlatforms) = postSolution
		{28198296-5419-4FA4-A2E5-32E8D0BD16C5}.Debug|Any CPU.ActiveCfg = Debug|Any CPU
		{28198296-5419-4FA4-A2E5-32E8D0BD16C5}.Debug|Any CPU.Build.0 = Debug|Any CPU
		{28198296-5419-4FA4-A2E5-32E8D0BD16C5}.Release|Any CPU.ActiveCfg = Release|Any CPU
		{28198296-5419-4FA4-A2E5-32E8D0BD16C5}.Release|Any CPU.Build.0 = Release|Any CPU
	EndGlobalSection
	GlobalSection(SolutionProperties) = preSolution
		HideSolutionNode = FALSE
	EndGlobalSection
	GlobalSection(ExtensibilityGlobals) = postSolution
		SolutionGuid = {C455C56A-AA8B-4811-BEDA-3C637A4077C5}
	EndGlobalSection
EndGlobal
